
Microsoft Visual Studio Solution File, Format Version 12.00
# Visual Studio Version 17
VisualStudioVersion = 17.0.31912.275
MinimumVisualStudioVersion = 10.0.40219.1
Project("{FAE04EC0-301F-11D3-BF4B-00C04F79EFBC}") = "GameLauncher", "GameLauncher.csproj", "{CC770BBE-057E-496A-9F8C-2F87B9C841F9}"
EndProject
Global
	GlobalSection(SolutionConfigurationPlatforms) = preSolution
		Debug|Any CPU = Debug|Any CPU
		Release|Any CPU = Release|Any CPU
	EndGlobalSection
	GlobalSection(ProjectConfigurationPlatforms) = postSolution
		{CC770BBE-057E-496A-9F8C-2F87B9C841F9}.Debug|Any CPU.ActiveCfg = Debug|Any CPU
		{CC770BBE-057E-496A-9F8C-2F87B9C841F9}.Debug|Any CPU.Build.0 = Debug|Any CPU
		{CC770BBE-057E-496A-9F8C-2F87B9C841F9}.Release|Any CPU.ActiveCfg = Release|Any CPU
		{CC770BBE-057E-496A-9F8C-2F87B9C841F9}.Release|Any CPU.Build.0 = Release|Any CPU
	EndGlobalSection
	GlobalSection(SolutionProperties) = preSolution
		HideSolutionNode = FALSE
	EndGlobalSection
	GlobalSection(ExtensibilityGlobals) = postSolution
		SolutionGuid = {42FFAFF2-0080-4DF3-A664-B267B53FF44E}
	EndGlobalSection
EndGlobal
